
Microsoft Visual Studio Solution File, Format Version 12.00
# Visual Studio 14
VisualStudioVersion = 14.0.25420.1
MinimumVisualStudioVersion = 10.0.40219.1
Project("{FAE04EC0-301F-11D3-BF4B-00C04F79EFBC}") = "Victima", "Victima\Victima.csproj", "{FA97630E-0A40-461F-9E02-62F3E9A2565A}"
EndProject
Project("{FAE04EC0-301F-11D3-BF4B-00C04F79EFBC}") = "Atacante", "Atacante\Atacante.csproj", "{461FBB8E-A337-4E83-ADDA-CE1BC89A3A7E}"
EndProject
Global
	GlobalSection(SolutionConfigurationPlatforms) = preSolution
		Debug|Any CPU = Debug|Any CPU
		Release|Any CPU = Release|Any CPU
	EndGlobalSection
	GlobalSection(ProjectConfigurationPlatforms) = postSolution
		{FA97630E-0A40-461F-9E02-62F3E9A2565A}.Debug|Any CPU.ActiveCfg = Debug|Any CPU
		{FA97630E-0A40-461F-9E02-62F3E9A2565A}.Debug|Any CPU.Build.0 = Debug|Any CPU
		{FA97630E-0A40-461F-9E02-62F3E9A2565A}.Release|Any CPU.ActiveCfg = Release|Any CPU
		{FA97630E-0A40-461F-9E02-62F3E9A2565A}.Release|Any CPU.Build.0 = Release|Any CPU
		{461FBB8E-A337-4E83-ADDA-CE1BC89A3A7E}.Debug|Any CPU.ActiveCfg = Debug|Any CPU
		{461FBB8E-A337-4E83-ADDA-CE1BC89A3A7E}.Debug|Any CPU.Build.0 = Debug|Any CPU
		{461FBB8E-A337-4E83-ADDA-CE1BC89A3A7E}.Release|Any CPU.ActiveCfg = Release|Any CPU
		{461FBB8E-A337-4E83-ADDA-CE1BC89A3A7E}.Release|Any CPU.Build.0 = Release|Any CPU
	EndGlobalSection
	GlobalSection(SolutionProperties) = preSolution
		HideSolutionNode = FALSE
	EndGlobalSection
EndGlobal
